// !$*UTF8*$!
{
	archiveVersion = 1;
	classes = {
	};
	objectVersion = 46;
	objects = {

/* Begin PBXBuildFile section */
		2B1C22871E8BB0150074D289 /* main.m in Sources */ = {isa = PBXBuildFile; fileRef = 2B1C22861E8BB0150074D289 /* main.m */; };
		2B1C228A1E8BB0150074D289 /* AppDelegate.m in Sources */ = {isa = PBXBuildFile; fileRef = 2B1C22891E8BB0150074D289 /* AppDelegate.m */; };
		2B1C228D1E8BB0150074D289 /* ViewController.m in Sources */ = {isa = PBXBuildFile; fileRef = 2B1C228C1E8BB0150074D289 /* ViewController.m */; };
		2B1C22901E8BB0150074D289 /* Main.storyboard in Resources */ = {isa = PBXBuildFile; fileRef = 2B1C228E1E8BB0150074D289 /* Main.storyboard */; };
		2B1C22921E8BB0150074D289 /* Assets.xcassets in Resources */ = {isa = PBXBuildFile; fileRef = 2B1C22911E8BB0150074D289 /* Assets.xcassets */; };
		2B1C22951E8BB0150074D289 /* LaunchScreen.storyboard in Resources */ = {isa = PBXBuildFile; fileRef = 2B1C22931E8BB0150074D289 /* LaunchScreen.storyboard */; };
		2B1C22A01E8BB0150074D289 /* InkeLiveTests.m in Sources */ = {isa = PBXBuildFile; fileRef = 2B1C229F1E8BB0150074D289 /* InkeLiveTests.m */; };
		2B1C22AB1E8BB0150074D289 /* InkeLiveUITests.m in Sources */ = {isa = PBXBuildFile; fileRef = 2B1C22AA1E8BB0150074D289 /* InkeLiveUITests.m */; };
		2B1C22BB1E8BC08A0074D289 /* SecondViewController.m in Sources */ = {isa = PBXBuildFile; fileRef = 2B1C22B91E8BC08A0074D289 /* SecondViewController.m */; };
		2B1C22BC1E8BC08A0074D289 /* SecondViewController.xib in Resources */ = {isa = PBXBuildFile; fileRef = 2B1C22BA1E8BC08A0074D289 /* SecondViewController.xib */; };
		2B1C22BF1E8BD63C0074D289 /* NSObject+JAD_ADSConfiguration.m in Sources */ = {isa = PBXBuildFile; fileRef = 2B1C22BE1E8BD63C0074D289 /* NSObject+JAD_ADSConfiguration.m */; };
		2B1C22C21E8BD6D90074D289 /* JADAdvertiseView.m in Sources */ = {isa = PBXBuildFile; fileRef = 2B1C22C11E8BD6D90074D289 /* JADAdvertiseView.m */; };
/* End PBXBuildFile section */

/* Begin PBXContainerItemProxy section */
		2B1C229C1E8BB0150074D289 /* PBXContainerItemProxy */ = {
			isa = PBXContainerItemProxy;
			containerPortal = 2B1C227A1E8BB0150074D289 /* Project object */;
			proxyType = 1;
			remoteGlobalIDString = 2B1C22811E8BB0150074D289;
			remoteInfo = InkeLive;
		};
		2B1C22A71E8BB0150074D289 /* PBXContainerItemProxy */ = {
			isa = PBXContainerItemProxy;
			containerPortal = 2B1C227A1E8BB0150074D289 /* Project object */;
			proxyType = 1;
			remoteGlobalIDString = 2B1C22811E8BB0150074D289;
			remoteInfo = InkeLive;
		};
/* End PBXContainerItemProxy section */

/* Begin PBXFileReference section */
		2B1C22821E8BB0150074D289 /* InkeLive.app */ = {isa = PBXFileReference; explicitFileType = wrapper.application; includeInIndex = 0; path = InkeLive.app; sourceTree = BUILT_PRODUCTS_DIR; };
		2B1C22861E8BB0150074D289 /* main.m */ = {isa = PBXFileReference; lastKnownFileType = sourcecode.c.objc; path = main.m; sourceTree = "<group>"; };
		2B1C22881E8BB0150074D289 /* AppDelegate.h */ = {isa = PBXFileReference; lastKnownFileType = sourcecode.c.h; path = AppDelegate.h; sourceTree = "<group>"; };
		2B1C22891E8BB0150074D289 /* AppDelegate.m */ = {isa = PBXFileReference; lastKnownFileType = sourcecode.c.objc; path = AppDelegate.m; sourceTree = "<group>"; };
		2B1C228B1E8BB0150074D289 /* ViewController.h */ = {isa = PBXFileReference; lastKnownFileType = sourcecode.c.h; path = ViewController.h; sourceTree = "<group>"; };
		2B1C228C1E8BB0150074D289 /* ViewController.m */ = {isa = PBXFileReference; lastKnownFileType = sourcecode.c.objc; path = ViewController.m; sourceTree = "<group>"; };
		2B1C228F1E8BB0150074D289 /* Base */ = {isa = PBXFileReference; lastKnownFileType = file.storyboard; name = Base; path = Base.lproj/Main.storyboard; sourceTree = "<group>"; };
		2B1C22911E8BB0150074D289 /* Assets.xcassets */ = {isa = PBXFileReference; lastKnownFileType = folder.assetcatalog; path = Assets.xcassets; sourceTree = "<group>"; };
		2B1C22941E8BB0150074D289 /* Base */ = {isa = PBXFileReference; lastKnownFileType = file.storyboard; name = Base; path = Base.lproj/LaunchScreen.storyboard; sourceTree = "<group>"; };
		2B1C22961E8BB0150074D289 /* Info.plist */ = {isa = PBXFileReference; lastKnownFileType = text.plist.xml; path = Info.plist; sourceTree = "<group>"; };
		2B1C229B1E8BB0150074D289 /* InkeLiveTests.xctest */ = {isa = PBXFileReference; explicitFileType = wrapper.cfbundle; includeInIndex = 0; path = InkeLiveTests.xctest; sourceTree = BUILT_PRODUCTS_DIR; };
		2B1C229F1E8BB0150074D289 /* InkeLiveTests.m */ = {isa = PBXFileReference; lastKnownFileType = sourcecode.c.objc; path = InkeLiveTests.m; sourceTree = "<group>"; };
		2B1C22A11E8BB0150074D289 /* Info.plist */ = {isa = PBXFileReference; lastKnownFileType = text.plist.xml; path = Info.plist; sourceTree = "<group>"; };
		2B1C22A61E8BB0150074D289 /* InkeLiveUITests.xctest */ = {isa = PBXFileReference; explicitFileType = wrapper.cfbundle; includeInIndex = 0; path = InkeLiveUITests.xctest; sourceTree = BUILT_PRODUCTS_DIR; };
		2B1C22AA1E8BB0150074D289 /* InkeLiveUITests.m */ = {isa = PBXFileReference; lastKnownFileType = sourcecode.c.objc; path = InkeLiveUITests.m; sourceTree = "<group>"; };
		2B1C22AC1E8BB0150074D289 /* Info.plist */ = {isa = PBXFileReference; lastKnownFileType = text.plist.xml; path = Info.plist; sourceTree = "<group>"; };
		2B1C22B81E8BC08A0074D289 /* SecondViewController.h */ = {isa = PBXFileReference; fileEncoding = 4; lastKnownFileType = sourcecode.c.h; path = SecondViewController.h; sourceTree = "<group>"; };
		2B1C22B91E8BC08A0074D289 /* SecondViewController.m */ = {isa = PBXFileReference; fileEncoding = 4; lastKnownFileType = sourcecode.c.objc; path = SecondViewController.m; sourceTree = "<group>"; };
		2B1C22BA1E8BC08A0074D289 /* SecondViewController.xib */ = {isa = PBXFileReference; fileEncoding = 4; lastKnownFileType = file.xib; path = SecondViewController.xib; sourceTree = "<group>"; };
		2B1C22BD1E8BD63C0074D289 /* NSObject+JAD_ADSConfiguration.h */ = {isa = PBXFileReference; fileEncoding = 4; lastKnownFileType = sourcecode.c.h; path = "NSObject+JAD_ADSConfiguration.h"; sourceTree = "<group>"; };
		2B1C22BE1E8BD63C0074D289 /* NSObject+JAD_ADSConfiguration.m */ = {isa = PBXFileReference; fileEncoding = 4; lastKnownFileType = sourcecode.c.objc; path = "NSObject+JAD_ADSConfiguration.m"; sourceTree = "<group>"; };
		2B1C22C01E8BD6D90074D289 /* JADAdvertiseView.h */ = {isa = PBXFileReference; fileEncoding = 4; lastKnownFileType = sourcecode.c.h; path = JADAdvertiseView.h; sourceTree = "<group>"; };
		2B1C22C11E8BD6D90074D289 /* JADAdvertiseView.m */ = {isa = PBXFileReference; fileEncoding = 4; lastKnownFileType = sourcecode.c.objc; path = JADAdvertiseView.m; sourceTree = "<group>"; };
/* End PBXFileReference section */

/* Begin PBXFrameworksBuildPhase section */
		2B1C227F1E8BB0150074D289 /* Frameworks */ = {
			isa = PBXFrameworksBuildPhase;
			buildActionMask = 2147483647;
			files = (
			);
			runOnlyForDeploymentPostprocessing = 0;
		};
		2B1C22981E8BB0150074D289 /* Frameworks */ = {
			isa = PBXFrameworksBuildPhase;
			buildActionMask = 2147483647;
			files = (
			);
			runOnlyForDeploymentPostprocessing = 0;
		};
		2B1C22A31E8BB0150074D289 /* Frameworks */ = {
			isa = PBXFrameworksBuildPhase;
			buildActionMask = 2147483647;
			files = (
			);
			runOnlyForDeploymentPostprocessing = 0;
		};
/* End PBXFrameworksBuildPhase section */

/* Begin PBXGroup section */
		2B1C22791E8BB0150074D289 = {
			isa = PBXGroup;
			children = (
				2B1C22841E8BB0150074D289 /* InkeLive */,
				2B1C229E1E8BB0150074D289 /* InkeLiveTests */,
				2B1C22A91E8BB0150074D289 /* InkeLiveUITests */,
				2B1C22831E8BB0150074D289 /* Products */,
			);
			sourceTree = "<group>";
		};
		2B1C22831E8BB0150074D289 /* Products */ = {
			isa = PBXGroup;
			children = (
				2B1C22821E8BB0150074D289 /* InkeLive.app */,
				2B1C229B1E8BB0150074D289 /* InkeLiveTests.xctest */,
				2B1C22A61E8BB0150074D289 /* InkeLiveUITests.xctest */,
			);
			name = Products;
			sourceTree = "<group>";
		};
		2B1C22841E8BB0150074D289 /* InkeLive */ = {
			isa = PBXGroup;
			children = (
				2B1C22881E8BB0150074D289 /* AppDelegate.h */,
				2B1C22891E8BB0150074D289 /* AppDelegate.m */,
				2B1C22BD1E8BD63C0074D289 /* NSObject+JAD_ADSConfiguration.h */,
				2B1C22BE1E8BD63C0074D289 /* NSObject+JAD_ADSConfiguration.m */,
				2B1C228B1E8BB0150074D289 /* ViewController.h */,
				2B1C228C1E8BB0150074D289 /* ViewController.m */,
				2B1C22B81E8BC08A0074D289 /* SecondViewController.h */,
				2B1C22B91E8BC08A0074D289 /* SecondViewController.m */,
				2B1C22BA1E8BC08A0074D289 /* SecondViewController.xib */,
				2B1C228E1E8BB0150074D289 /* Main.storyboard */,
				2B1C22911E8BB0150074D289 /* Assets.xcassets */,
				2B1C22931E8BB0150074D289 /* LaunchScreen.storyboard */,
				2B1C22961E8BB0150074D289 /* Info.plist */,
				2B1C22851E8BB0150074D289 /* Supporting Files */,
				2B1C22C01E8BD6D90074D289 /* JADAdvertiseView.h */,
				2B1C22C11E8BD6D90074D289 /* JADAdvertiseView.m */,
			);
			path = InkeLive;
			sourceTree = "<group>";
		};
		2B1C22851E8BB0150074D289 /* Supporting Files */ = {
			isa = PBXGroup;
			children = (
				2B1C22861E8BB0150074D289 /* main.m */,
			);
			name = "Supporting Files";
			sourceTree = "<group>";
		};
		2B1C229E1E8BB0150074D289 /* InkeLiveTests */ = {
			isa = PBXGroup;
			children = (
				2B1C229F1E8BB0150074D289 /* InkeLiveTests.m */,
				2B1C22A11E8BB0150074D289 /* Info.plist */,
			);
			path = InkeLiveTests;
			sourceTree = "<group>";
		};
		2B1C22A91E8BB0150074D289 /* InkeLiveUITests */ = {
			isa = PBXGroup;
			children = (
				2B1C22AA1E8BB0150074D289 /* InkeLiveUITests.m */,
				2B1C22AC1E8BB0150074D289 /* Info.plist */,
			);
			path = InkeLiveUITests;
			sourceTree = "<group>";
		};
/* End PBXGroup section */

/* Begin PBXNativeTarget section */
		2B1C22811E8BB0150074D289 /* InkeLive */ = {
			isa = PBXNativeTarget;
			buildConfigurationList = 2B1C22AF1E8BB0150074D289 /* Build configuration list for PBXNativeTarget "InkeLive" */;
			buildPhases = (
				2B1C227E1E8BB0150074D289 /* Sources */,
				2B1C227F1E8BB0150074D289 /* Frameworks */,
				2B1C22801E8BB0150074D289 /* Resources */,
			);
			buildRules = (
			);
			dependencies = (
			);
			name = InkeLive;
			productName = InkeLive;
			productReference = 2B1C22821E8BB0150074D289 /* InkeLive.app */;
			productType = "com.apple.product-type.application";
		};
		2B1C229A1E8BB0150074D289 /* InkeLiveTests */ = {
			isa = PBXNativeTarget;
			buildConfigurationList = 2B1C22B21E8BB0150074D289 /* Build configuration list for PBXNativeTarget "InkeLiveTests" */;
			buildPhases = (
				2B1C22971E8BB0150074D289 /* Sources */,
				2B1C22981E8BB0150074D289 /* Frameworks */,
				2B1C22991E8BB0150074D289 /* Resources */,
			);
			buildRules = (
			);
			dependencies = (
				2B1C229D1E8BB0150074D289 /* PBXTargetDependency */,
			);
			name = InkeLiveTests;
			productName = InkeLiveTests;
			productReference = 2B1C229B1E8BB0150074D289 /* InkeLiveTests.xctest */;
			productType = "com.apple.product-type.bundle.unit-test";
		};
		2B1C22A51E8BB0150074D289 /* InkeLiveUITests */ = {
			isa = PBXNativeTarget;
			buildConfigurationList = 2B1C22B51E8BB0150074D289 /* Build configuration list for PBXNativeTarget "InkeLiveUITests" */;
			buildPhases = (
				2B1C22A21E8BB0150074D289 /* Sources */,
				2B1C22A31E8BB0150074D289 /* Frameworks */,
				2B1C22A41E8BB0150074D289 /* Resources */,
			);
			buildRules = (
			);
			dependencies = (
				2B1C22A81E8BB0150074D289 /* PBXTargetDependency */,
			);
			name = InkeLiveUITests;
			productName = InkeLiveUITests;
			productReference = 2B1C22A61E8BB0150074D289 /* InkeLiveUITests.xctest */;
			productType = "com.apple.product-type.bundle.ui-testing";
		};
/* End PBXNativeTarget section */

/* Begin PBXProject section */
		2B1C227A1E8BB0150074D289 /* Project object */ = {
			isa = PBXProject;
			attributes = {
				LastUpgradeCheck = 0820;
				ORGANIZATIONNAME = NextStep.Inc;
				TargetAttributes = {
					2B1C22811E8BB0150074D289 = {
						CreatedOnToolsVersion = 8.2.1;
						DevelopmentTeam = 5BVCN86K57;
						ProvisioningStyle = Automatic;
					};
					2B1C229A1E8BB0150074D289 = {
						CreatedOnToolsVersion = 8.2.1;
						DevelopmentTeam = 5BVCN86K57;
						ProvisioningStyle = Automatic;
						TestTargetID = 2B1C22811E8BB0150074D289;
					};
					2B1C22A51E8BB0150074D289 = {
						CreatedOnToolsVersion = 8.2.1;
						DevelopmentTeam = 5BVCN86K57;
						ProvisioningStyle = Automatic;
						TestTargetID = 2B1C22811E8BB0150074D289;
					};
				};
			};
			buildConfigurationList = 2B1C227D1E8BB0150074D289 /* Build configuration list for PBXProject "InkeLive" */;
			compatibilityVersion = "Xcode 3.2";
			developmentRegion = English;
			hasScannedForEncodings = 0;
			knownRegions = (
				en,
				Base,
			);
			mainGroup = 2B1C22791E8BB0150074D289;
			productRefGroup = 2B1C22831E8BB0150074D289 /* Products */;
			projectDirPath = "";
			projectRoot = "";
			targets = (
				2B1C22811E8BB0150074D289 /* InkeLive */,
				2B1C229A1E8BB0150074D289 /* InkeLiveTests */,
				2B1C22A51E8BB0150074D289 /* InkeLiveUITests */,
			);
		};
/* End PBXProject section */

/* Begin PBXResourcesBuildPhase section */
		2B1C22801E8BB0150074D289 /* Resources */ = {
			isa = PBXResourcesBuildPhase;
			buildActionMask = 2147483647;
			files = (
				2B1C22BC1E8BC08A0074D289 /* SecondViewController.xib in Resources */,
				2B1C22951E8BB0150074D289 /* LaunchScreen.storyboard in Resources */,
				2B1C22921E8BB0150074D289 /* Assets.xcassets in Resources */,
				2B1C22901E8BB0150074D289 /* Main.storyboard in Resources */,
			);
			runOnlyForDeploymentPostprocessing = 0;
		};
		2B1C22991E8BB0150074D289 /* Resources */ = {
			isa = PBXResourcesBuildPhase;
			buildActionMask = 2147483647;
			files = (
			);
			runOnlyForDeploymentPostprocessing = 0;
		};
		2B1C22A41E8BB0150074D289 /* Resources */ = {
			isa = PBXResourcesBuildPhase;
			buildActionMask = 2147483647;
			files = (
			);
			runOnlyForDeploymentPostprocessing = 0;
		};
/* End PBXResourcesBuildPhase section */

/* Begin PBXSourcesBuildPhase section */
		2B1C227E1E8BB0150074D289 /* Sources */ = {
			isa = PBXSourcesBuildPhase;
			buildActionMask = 2147483647;
			files = (
				2B1C22BB1E8BC08A0074D289 /* SecondViewController.m in Sources */,
				2B1C228D1E8BB0150074D289 /* ViewController.m in Sources */,
				2B1C22C21E8BD6D90074D289 /* JADAdvertiseView.m in Sources */,
				2B1C22BF1E8BD63C0074D289 /* NSObject+JAD_ADSConfiguration.m in Sources */,
				2B1C228A1E8BB0150074D289 /* AppDelegate.m in Sources */,
				2B1C22871E8BB0150074D289 /* main.m in Sources */,
			);
			runOnlyForDeploymentPostprocessing = 0;
		};
		2B1C22971E8BB0150074D289 /* Sources */ = {
			isa = PBXSourcesBuildPhase;
			buildActionMask = 2147483647;
			files = (
				2B1C22A01E8BB0150074D289 /* InkeLiveTests.m in Sources */,
			);
			runOnlyForDeploymentPostprocessing = 0;
		};
		2B1C22A21E8BB0150074D289 /* Sources */ = {
			isa = PBXSourcesBuildPhase;
			buildActionMask = 2147483647;
			files = (
				2B1C22AB1E8BB0150074D289 /* InkeLiveUITests.m in Sources */,
			);
			runOnlyForDeploymentPostprocessing = 0;
		};
/* End PBXSourcesBuildPhase section */

/* Begin PBXTargetDependency section */
		2B1C229D1E8BB0150074D289 /* PBXTargetDependency */ = {
			isa = PBXTargetDependency;
			target = 2B1C22811E8BB0150074D289 /* InkeLive */;
			targetProxy = 2B1C229C1E8BB0150074D289 /* PBXContainerItemProxy */;
		};
		2B1C22A81E8BB0150074D289 /* PBXTargetDependency */ = {
			isa = PBXTargetDependency;
			target = 2B1C22811E8BB0150074D289 /* InkeLive */;
			targetProxy = 2B1C22A71E8BB0150074D289 /* PBXContainerItemProxy */;
		};
/* End PBXTargetDependency section */

/* Begin PBXVariantGroup section */
		2B1C228E1E8BB0150074D289 /* Main.storyboard */ = {
			isa = PBXVariantGroup;
			children = (
				2B1C228F1E8BB0150074D289 /* Base */,
			);
			name = Main.storyboard;
			sourceTree = "<group>";
		};
		2B1C22931E8BB0150074D289 /* LaunchScreen.storyboard */ = {
			isa = PBXVariantGroup;
			children = (
				2B1C22941E8BB0150074D289 /* Base */,
			);
			name = LaunchScreen.storyboard;
			sourceTree = "<group>";
		};
/* End PBXVariantGroup section */

/* Begin XCBuildConfiguration section */
		2B1C22AD1E8BB0150074D289 /* Debug */ = {
			isa = XCBuildConfiguration;
			buildSettings = {
				ALWAYS_SEARCH_USER_PATHS = NO;
				CLANG_ANALYZER_NONNULL = YES;
				CLANG_CXX_LANGUAGE_STANDARD = "gnu++0x";
				CLANG_CXX_LIBRARY = "libc++";
				CLANG_ENABLE_MODULES = YES;
				CLANG_ENABLE_OBJC_ARC = YES;
				CLANG_WARN_BOOL_CONVERSION = YES;
				CLANG_WARN_CONSTANT_CONVERSION = YES;
				CLANG_WARN_DIRECT_OBJC_ISA_USAGE = YES_ERROR;
				CLANG_WARN_DOCUMENTATION_COMMENTS = YES;
				CLANG_WARN_EMPTY_BODY = YES;
				CLANG_WARN_ENUM_CONVERSION = YES;
				CLANG_WARN_INFINITE_RECURSION = YES;
				CLANG_WARN_INT_CONVERSION = YES;
				CLANG_WARN_OBJC_ROOT_CLASS = YES_ERROR;
				CLANG_WARN_SUSPICIOUS_MOVE = YES;
				CLANG_WARN_UNREACHABLE_CODE = YES;
				CLANG_WARN__DUPLICATE_METHOD_MATCH = YES;
				"CODE_SIGN_IDENTITY[sdk=iphoneos*]" = "iPhone Developer";
				COPY_PHASE_STRIP = NO;
				DEBUG_INFORMATION_FORMAT = dwarf;
				ENABLE_STRICT_OBJC_MSGSEND = YES;
				ENABLE_TESTABILITY = YES;
				GCC_C_LANGUAGE_STANDARD = gnu99;
				GCC_DYNAMIC_NO_PIC = NO;
				GCC_NO_COMMON_BLOCKS = YES;
				GCC_OPTIMIZATION_LEVEL = 0;
				GCC_PREPROCESSOR_DEFINITIONS = (
					"DEBUG=1",
					"$(inherited)",
				);
				GCC_WARN_64_TO_32_BIT_CONVERSION = YES;
				GCC_WARN_ABOUT_RETURN_TYPE = YES_ERROR;
				GCC_WARN_UNDECLARED_SELECTOR = YES;
				GCC_WARN_UNINITIALIZED_AUTOS = YES_AGGRESSIVE;
				GCC_WARN_UNUSED_FUNCTION = YES;
				GCC_WARN_UNUSED_VARIABLE = YES;
				IPHONEOS_DEPLOYMENT_TARGET = 8.0;
				MTL_ENABLE_DEBUG_INFO = YES;
				ONLY_ACTIVE_ARCH = YES;
				SDKROOT = iphoneos;
				TARGETED_DEVICE_FAMILY = "1,2";
			};
			name = Debug;
		};
		2B1C22AE1E8BB0150074D289 /* Release */ = {
			isa = XCBuildConfiguration;
			buildSettings = {
				ALWAYS_SEARCH_USER_PATHS = NO;
				CLANG_ANALYZER_NONNULL = YES;
				CLANG_CXX_LANGUAGE_STANDARD = "gnu++0x";
				CLANG_CXX_LIBRARY = "libc++";
				CLANG_ENABLE_MODULES = YES;
				CLANG_ENABLE_OBJC_ARC = YES;
				CLANG_WARN_BOOL_CONVERSION = YES;
				CLANG_WARN_CONSTANT_CONVERSION = YES;
				CLANG_WARN_DIRECT_OBJC_ISA_USAGE = YES_ERROR;
				CLANG_WARN_DOCUMENTATION_COMMENTS = YES;
				CLANG_WARN_EMPTY_BODY = YES;
				CLANG_WARN_ENUM_CONVERSION = YES;
				CLANG_WARN_INFINITE_RECURSION = YES;
				CLANG_WARN_INT_CONVERSION = YES;
				CLANG_WARN_OBJC_ROOT_CLASS = YES_ERROR;
				CLANG_WARN_SUSPICIOUS_MOVE = YES;
				CLANG_WARN_UNREACHABLE_CODE = YES;
				CLANG_WARN__DUPLICATE_METHOD_MATCH = YES;
				"CODE_SIGN_IDENTITY[sdk=iphoneos*]" = "iPhone Developer";
				COPY_PHASE_STRIP = NO;
				DEBUG_INFORMATION_FORMAT = "dwarf-with-dsym";
				ENABLE_NS_ASSERTIONS = NO;
				ENABLE_STRICT_OBJC_MSGSEND = YES;
				GCC_C_LANGUAGE_STANDARD = gnu99;
				GCC_NO_COMMON_BLOCKS = YES;
				GCC_WARN_64_TO_32_BIT_CONVERSION = YES;
				GCC_WARN_ABOUT_RETURN_TYPE = YES_ERROR;
				GCC_WARN_UNDECLARED_SELECTOR = YES;
				GCC_WARN_UNINITIALIZED_AUTOS = YES_AGGRESSIVE;
				GCC_WARN_UNUSED_FUNCTION = YES;
				GCC_WARN_UNUSED_VARIABLE = YES;
				IPHONEOS_DEPLOYMENT_TARGET = 8.0;
				MTL_ENABLE_DEBUG_INFO = NO;
				SDKROOT = iphoneos;
				TARGETED_DEVICE_FAMILY = "1,2";
				VALIDATE_PRODUCT = YES;
			};
			name = Release;
		};
		2B1C22B01E8BB0150074D289 /* Debug */ = {
			isa = XCBuildConfiguration;
			buildSettings = {
				ASSETCATALOG_COMPILER_APPICON_NAME = AppIcon;
				DEVELOPMENT_TEAM = 5BVCN86K57;
				INFOPLIST_FILE = InkeLive/Info.plist;
				LD_RUNPATH_SEARCH_PATHS = "$(inherited) @executable_path/Frameworks";
				PRODUCT_BUNDLE_IDENTIFIER = cn.nextstep.InkeLive;
				PRODUCT_NAME = "$(TARGET_NAME)";
			};
			name = Debug;
		};
		2B1C22B11E8BB0150074D289 /* Release */ = {
			isa = XCBuildConfiguration;
			buildSettings = {
				ASSETCATALOG_COMPILER_APPICON_NAME = AppIcon;
				DEVELOPMENT_TEAM = 5BVCN86K57;
				INFOPLIST_FILE = InkeLive/Info.plist;
				LD_RUNPATH_SEARCH_PATHS = "$(inherited) @executable_path/Frameworks";
				PRODUCT_BUNDLE_IDENTIFIER = cn.nextstep.InkeLive;
				PRODUCT_NAME = "$(TARGET_NAME)";
			};
			name = Release;
		};
		2B1C22B31E8BB0150074D289 /* Debug */ = {
			isa = XCBuildConfiguration;
			buildSettings = {
				BUNDLE_LOADER = "$(TEST_HOST)";
				DEVELOPMENT_TEAM = 5BVCN86K57;
				INFOPLIST_FILE = InkeLiveTests/Info.plist;
				LD_RUNPATH_SEARCH_PATHS = "$(inherited) @executable_path/Frameworks @loader_path/Frameworks";
				PRODUCT_BUNDLE_IDENTIFIER = cn.nextstep.InkeLiveTests;
				PRODUCT_NAME = "$(TARGET_NAME)";
				TEST_HOST = "$(BUILT_PRODUCTS_DIR)/InkeLive.app/InkeLive";
			};
			name = Debug;
		};
		2B1C22B41E8BB0150074D289 /* Release */ = {
			isa = XCBuildConfiguration;
			buildSettings = {
				BUNDLE_LOADER = "$(TEST_HOST)";
				DEVELOPMENT_TEAM = 5BVCN86K57;
				INFOPLIST_FILE = InkeLiveTests/Info.plist;
				LD_RUNPATH_SEARCH_PATHS = "$(inherited) @executable_path/Frameworks @loader_path/Frameworks";
				PRODUCT_BUNDLE_IDENTIFIER = cn.nextstep.InkeLiveTests;
				PRODUCT_NAME = "$(TARGET_NAME)";
				TEST_HOST = "$(BUILT_PRODUCTS_DIR)/InkeLive.app/InkeLive";
			};
			name = Release;
		};
		2B1C22B61E8BB0150074D289 /* Debug */ = {
			isa = XCBuildConfiguration;
			buildSettings = {
				DEVELOPMENT_TEAM = 5BVCN86K57;
				INFOPLIST_FILE = InkeLiveUITests/Info.plist;
				LD_RUNPATH_SEARCH_PATHS = "$(inherited) @executable_path/Frameworks @loader_path/Frameworks";
				PRODUCT_BUNDLE_IDENTIFIER = cn.nextstep.InkeLiveUITests;
				PRODUCT_NAME = "$(TARGET_NAME)";
				TEST_TARGET_NAME = InkeLive;
			};
			name = Debug;
		};
		2B1C22B71E8BB0150074D289 /* Release */ = {
			isa = XCBuildConfiguration;
			buildSettings = {
				DEVELOPMENT_TEAM = 5BVCN86K57;
				INFOPLIST_FILE = InkeLiveUITests/Info.plist;
				LD_RUNPATH_SEARCH_PATHS = "$(inherited) @executable_path/Frameworks @loader_path/Frameworks";
				PRODUCT_BUNDLE_IDENTIFIER = cn.nextstep.InkeLiveUITests;
				PRODUCT_NAME = "$(TARGET_NAME)";
				TEST_TARGET_NAME = InkeLive;
			};
			name = Release;
		};
/* End XCBuildConfiguration section */

/* Begin XCConfigurationList section */
		2B1C227D1E8BB0150074D289 /* Build configuration list for PBXProject "InkeLive" */ = {
			isa = XCConfigurationList;
			buildConfigurations = (
				2B1C22AD1E8BB0150074D289 /* Debug */,
				2B1C22AE1E8BB0150074D289 /* Release */,
			);
			defaultConfigurationIsVisible = 0;
			defaultConfigurationName = Release;
		};
		2B1C22AF1E8BB0150074D289 /* Build configuration list for PBXNativeTarget "InkeLive" */ = {
			isa = XCConfigurationList;
			buildConfigurations = (
				2B1C22B01E8BB0150074D289 /* Debug */,
				2B1C22B11E8BB0150074D289 /* Release */,
			);
			defaultConfigurationIsVisible = 0;
		};
		2B1C22B21E8BB0150074D289 /* Build configuration list for PBXNativeTarget "InkeLiveTests" */ = {
			isa = XCConfigurationList;
			buildConfigurations = (
				2B1C22B31E8BB0150074D289 /* Debug */,
				2B1C22B41E8BB0150074D289 /* Release */,
			);
			defaultConfigurationIsVisible = 0;
		};
		2B1C22B51E8BB0150074D289 /* Build configuration list for PBXNativeTarget "InkeLiveUITests" */ = {
			isa = XCConfigurationList;
			buildConfigurations = (
				2B1C22B61E8BB0150074D289 /* Debug */,
				2B1C22B71E8BB0150074D289 /* Release */,
			);
			defaultConfigurationIsVisible = 0;
		};
/* End XCConfigurationList section */
	};
	rootObject = 2B1C227A1E8BB0150074D289 /* Project object */;
}
